// !$*UTF8*$!
{
	archiveVersion = 1;
	classes = {
	};
	objectVersion = 51;
	objects = {

/* Begin PBXBuildFile section */
		07DA7C0C23C6DEBB002C8320 /* User.storyboard in Resources */ = {isa = PBXBuildFile; fileRef = 07DA7C0B23C6DEBB002C8320 /* User.storyboard */; };
		07DA7C0E23C6DECA002C8320 /* UserViewController.swift in Sources */ = {isa = PBXBuildFile; fileRef = 07DA7C0D23C6DECA002C8320 /* UserViewController.swift */; };
		07DA7C1023C6DEE8002C8320 /* Auth.storyboard in Resources */ = {isa = PBXBuildFile; fileRef = 07DA7C0F23C6DEE8002C8320 /* Auth.storyboard */; };
		07DA7C1223C6DEF7002C8320 /* AuthViewController.swift in Sources */ = {isa = PBXBuildFile; fileRef = 07DA7C1123C6DEF7002C8320 /* AuthViewController.swift */; };
		07DA7C1423C6DF05002C8320 /* Search.storyboard in Resources */ = {isa = PBXBuildFile; fileRef = 07DA7C1323C6DF05002C8320 /* Search.storyboard */; };
		07DA7C1623C6DF12002C8320 /* SearchViewController.swift in Sources */ = {isa = PBXBuildFile; fileRef = 07DA7C1523C6DF12002C8320 /* SearchViewController.swift */; };
		07DA7C1823C6DF20002C8320 /* RepoDetail.storyboard in Resources */ = {isa = PBXBuildFile; fileRef = 07DA7C1723C6DF20002C8320 /* RepoDetail.storyboard */; };
		07DA7C1A23C6DF31002C8320 /* RepoDetailViewController.swift in Sources */ = {isa = PBXBuildFile; fileRef = 07DA7C1923C6DF31002C8320 /* RepoDetailViewController.swift */; };
		07DA7C1C23C6DF9E002C8320 /* API.swift in Sources */ = {isa = PBXBuildFile; fileRef = 07DA7C1B23C6DF9E002C8320 /* API.swift */; };
		52950B03830AAF51E59E63BD /* SVProgressHUD.framework in Frameworks */ = {isa = PBXBuildFile; fileRef = 04903FCF88110E6A3A06779B /* SVProgressHUD.framework */; };
		5DEDF64163379F1CF5934BDD /* SVProgressHUD.framework in Embed Frameworks */ = {isa = PBXBuildFile; fileRef = 04903FCF88110E6A3A06779B /* SVProgressHUD.framework */; settings = {ATTRIBUTES = (CodeSignOnCopy, RemoveHeadersOnCopy, ); }; };
		7B09783811311B9AEA319E40 /* Assets.xcassets in Resources */ = {isa = PBXBuildFile; fileRef = D77882D42F3ABFEFEE9CA8A4 /* Assets.xcassets */; };
		7EB3C63413A23A9C84188614 /* APIKit.framework in Frameworks */ = {isa = PBXBuildFile; fileRef = 398F9D915A72B93659B8CD6D /* APIKit.framework */; };
		81A7262E7E4F0E904602437A /* GHclientTests.swift in Sources */ = {isa = PBXBuildFile; fileRef = 983FCDC6DC3DB3889575A35A /* GHclientTests.swift */; };
		A1459F568D5B32D5AA356AAB /* AppDelegate.swift in Sources */ = {isa = PBXBuildFile; fileRef = 90849FA4F35B2492F97D6D0F /* AppDelegate.swift */; };
		A20503AE125EFB446B60ED1B /* LaunchScreen.storyboard in Resources */ = {isa = PBXBuildFile; fileRef = 0B84C794232EBBA313362D07 /* LaunchScreen.storyboard */; };
		AEBEAEA87D1419BD9375F339 /* SceneDelegate.swift in Sources */ = {isa = PBXBuildFile; fileRef = A6FBAA462F3D121DBC4E87C1 /* SceneDelegate.swift */; };
		F82402062934F401F26A7CEA /* APIKit.framework in Embed Frameworks */ = {isa = PBXBuildFile; fileRef = 398F9D915A72B93659B8CD6D /* APIKit.framework */; settings = {ATTRIBUTES = (CodeSignOnCopy, RemoveHeadersOnCopy, ); }; };
/* End PBXBuildFile section */

/* Begin PBXContainerItemProxy section */
		7587A1FD2D3284397F3D4ED7 /* PBXContainerItemProxy */ = {
			isa = PBXContainerItemProxy;
			containerPortal = A16E06917C69AD002A4D1F44 /* Project object */;
			proxyType = 1;
			remoteGlobalIDString = 5C143102481551357D7C154F;
			remoteInfo = GHClient;
		};
/* End PBXContainerItemProxy section */

/* Begin PBXCopyFilesBuildPhase section */
		3CA491B1B7EAD318676597A2 /* Embed Frameworks */ = {
			isa = PBXCopyFilesBuildPhase;
			buildActionMask = 2147483647;
			dstPath = "";
			dstSubfolderSpec = 10;
			files = (
				F82402062934F401F26A7CEA /* APIKit.framework in Embed Frameworks */,
				5DEDF64163379F1CF5934BDD /* SVProgressHUD.framework in Embed Frameworks */,
			);
			name = "Embed Frameworks";
			runOnlyForDeploymentPostprocessing = 0;
		};
/* End PBXCopyFilesBuildPhase section */

/* Begin PBXFileReference section */
		04903FCF88110E6A3A06779B /* SVProgressHUD.framework */ = {isa = PBXFileReference; lastKnownFileType = wrapper.framework; path = SVProgressHUD.framework; sourceTree = "<group>"; };
		07DA7C0B23C6DEBB002C8320 /* User.storyboard */ = {isa = PBXFileReference; lastKnownFileType = file.storyboard; name = User.storyboard; path = GHclient/Scenes/User/User.storyboard; sourceTree = SOURCE_ROOT; };
		07DA7C0D23C6DECA002C8320 /* UserViewController.swift */ = {isa = PBXFileReference; lastKnownFileType = sourcecode.swift; name = UserViewController.swift; path = GHclient/Scenes/User/UserViewController.swift; sourceTree = SOURCE_ROOT; };
		07DA7C0F23C6DEE8002C8320 /* Auth.storyboard */ = {isa = PBXFileReference; lastKnownFileType = file.storyboard; name = Auth.storyboard; path = GHclient/Scenes/Auth/Auth.storyboard; sourceTree = SOURCE_ROOT; };
		07DA7C1123C6DEF7002C8320 /* AuthViewController.swift */ = {isa = PBXFileReference; lastKnownFileType = sourcecode.swift; name = AuthViewController.swift; path = GHclient/Scenes/Auth/AuthViewController.swift; sourceTree = SOURCE_ROOT; };
		07DA7C1323C6DF05002C8320 /* Search.storyboard */ = {isa = PBXFileReference; lastKnownFileType = file.storyboard; name = Search.storyboard; path = GHclient/Scenes/Search/Search.storyboard; sourceTree = SOURCE_ROOT; };
		07DA7C1523C6DF12002C8320 /* SearchViewController.swift */ = {isa = PBXFileReference; lastKnownFileType = sourcecode.swift; name = SearchViewController.swift; path = GHclient/Scenes/Search/SearchViewController.swift; sourceTree = SOURCE_ROOT; };
		07DA7C1723C6DF20002C8320 /* RepoDetail.storyboard */ = {isa = PBXFileReference; lastKnownFileType = file.storyboard; name = RepoDetail.storyboard; path = GHclient/Scenes/RepoDetail/RepoDetail.storyboard; sourceTree = SOURCE_ROOT; };
		07DA7C1923C6DF31002C8320 /* RepoDetailViewController.swift */ = {isa = PBXFileReference; lastKnownFileType = sourcecode.swift; name = RepoDetailViewController.swift; path = GHclient/Scenes/RepoDetail/RepoDetailViewController.swift; sourceTree = SOURCE_ROOT; };
		07DA7C1B23C6DF9E002C8320 /* API.swift */ = {isa = PBXFileReference; lastKnownFileType = sourcecode.swift; name = API.swift; path = GHclient/Network/API.swift; sourceTree = SOURCE_ROOT; };
		398F9D915A72B93659B8CD6D /* APIKit.framework */ = {isa = PBXFileReference; lastKnownFileType = wrapper.framework; path = APIKit.framework; sourceTree = "<group>"; };
		42FFF2EE0AE107FAD56D9AB9 /* Info.plist */ = {isa = PBXFileReference; lastKnownFileType = text.plist.xml; path = Info.plist; sourceTree = "<group>"; };
		52C2D24FB40CD7F6E38A62FC /* GHClientTests.xctest */ = {isa = PBXFileReference; explicitFileType = wrapper.cfbundle; includeInIndex = 0; path = GHClientTests.xctest; sourceTree = BUILT_PRODUCTS_DIR; };
		6607806B1F95097A78C51C3B /* Base */ = {isa = PBXFileReference; lastKnownFileType = file.storyboard; name = Base; path = Base.lproj/LaunchScreen.storyboard; sourceTree = "<group>"; };
		90849FA4F35B2492F97D6D0F /* AppDelegate.swift */ = {isa = PBXFileReference; lastKnownFileType = sourcecode.swift; path = AppDelegate.swift; sourceTree = "<group>"; };
		983FCDC6DC3DB3889575A35A /* GHclientTests.swift */ = {isa = PBXFileReference; lastKnownFileType = sourcecode.swift; path = GHclientTests.swift; sourceTree = "<group>"; };
		A6FBAA462F3D121DBC4E87C1 /* SceneDelegate.swift */ = {isa = PBXFileReference; lastKnownFileType = sourcecode.swift; path = SceneDelegate.swift; sourceTree = "<group>"; };
		B2EA02D109379238E038090C /* Info.plist */ = {isa = PBXFileReference; lastKnownFileType = text.plist.xml; path = Info.plist; sourceTree = "<group>"; };
		C560C5A0A02425DCA487DA07 /* GHClient.app */ = {isa = PBXFileReference; explicitFileType = wrapper.application; includeInIndex = 0; path = GHClient.app; sourceTree = BUILT_PRODUCTS_DIR; };
		D77882D42F3ABFEFEE9CA8A4 /* Assets.xcassets */ = {isa = PBXFileReference; lastKnownFileType = folder.assetcatalog; path = Assets.xcassets; sourceTree = "<group>"; };
/* End PBXFileReference section */

/* Begin PBXFrameworksBuildPhase section */
		88BE540F19056809DAE5EEAA /* Frameworks */ = {
			isa = PBXFrameworksBuildPhase;
			buildActionMask = 2147483647;
			files = (
				52950B03830AAF51E59E63BD /* SVProgressHUD.framework in Frameworks */,
				7EB3C63413A23A9C84188614 /* APIKit.framework in Frameworks */,
			);
			runOnlyForDeploymentPostprocessing = 0;
		};
/* End PBXFrameworksBuildPhase section */

/* Begin PBXGroup section */
		0702BF1B23C5DA5B00DF69F7 /* Network */ = {
			isa = PBXGroup;
			children = (
				07DA7C1B23C6DF9E002C8320 /* API.swift */,
			);
			path = Network;
			sourceTree = "<group>";
		};
		0702BF1C23C5DA6400DF69F7 /* Scenes */ = {
			isa = PBXGroup;
			children = (
				07DA7C0A23C6DD8E002C8320 /* RepoDetail */,
				07DA7C0823C6DCFA002C8320 /* Search */,
				0702BF2123C5DBE800DF69F7 /* Auth */,
				0702BF2023C5DBD400DF69F7 /* User */,
				0702BF1F23C5DAB400DF69F7 /* Launch */,
			);
			path = Scenes;
			sourceTree = "<group>";
		};
		0702BF1D23C5DA7100DF69F7 /* Assets */ = {
			isa = PBXGroup;
			children = (
				D77882D42F3ABFEFEE9CA8A4 /* Assets.xcassets */,
			);
			path = Assets;
			sourceTree = "<group>";
		};
		0702BF1E23C5DA9E00DF69F7 /* App */ = {
			isa = PBXGroup;
			children = (
				90849FA4F35B2492F97D6D0F /* AppDelegate.swift */,
			);
			path = App;
			sourceTree = "<group>";
		};
		0702BF1F23C5DAB400DF69F7 /* Launch */ = {
			isa = PBXGroup;
			children = (
				0B84C794232EBBA313362D07 /* LaunchScreen.storyboard */,
			);
			path = Launch;
			sourceTree = "<group>";
		};
		0702BF2023C5DBD400DF69F7 /* User */ = {
			isa = PBXGroup;
			children = (
				07DA7C0B23C6DEBB002C8320 /* User.storyboard */,
				07DA7C0D23C6DECA002C8320 /* UserViewController.swift */,
			);
			path = User;
			sourceTree = "<group>";
		};
		0702BF2123C5DBE800DF69F7 /* Auth */ = {
			isa = PBXGroup;
			children = (
				07DA7C0F23C6DEE8002C8320 /* Auth.storyboard */,
				07DA7C1123C6DEF7002C8320 /* AuthViewController.swift */,
			);
			path = Auth;
			sourceTree = "<group>";
		};
		07DA7C0823C6DCFA002C8320 /* Search */ = {
			isa = PBXGroup;
			children = (
				07DA7C1323C6DF05002C8320 /* Search.storyboard */,
				07DA7C1523C6DF12002C8320 /* SearchViewController.swift */,
			);
			path = Search;
			sourceTree = "<group>";
		};
		07DA7C0A23C6DD8E002C8320 /* RepoDetail */ = {
			isa = PBXGroup;
			children = (
				07DA7C1723C6DF20002C8320 /* RepoDetail.storyboard */,
				07DA7C1923C6DF31002C8320 /* RepoDetailViewController.swift */,
			);
			path = RepoDetail;
			sourceTree = "<group>";
		};
		1851DB09A8CAB6F65B3C3BE1 = {
			isa = PBXGroup;
			children = (
				ABC99B8B94C7D6E464BDFA30 /* GHClient */,
				E8693039F0A123BABE193D10 /* GHClientTests */,
				187D8EEBF1EDA08C90528879 /* Frameworks */,
				3E357B193E46C8EEF6A14101 /* Products */,
			);
			sourceTree = "<group>";
		};
		187D8EEBF1EDA08C90528879 /* Frameworks */ = {
			isa = PBXGroup;
			children = (
				93A8CADB062B7F08FFF4DBF8 /* Carthage */,
			);
			name = Frameworks;
			sourceTree = "<group>";
		};
		2BFF6D499D468B061C9EA014 /* iOS */ = {
			isa = PBXGroup;
			children = (
				398F9D915A72B93659B8CD6D /* APIKit.framework */,
				04903FCF88110E6A3A06779B /* SVProgressHUD.framework */,
			);
			path = iOS;
			sourceTree = "<group>";
		};
		3E357B193E46C8EEF6A14101 /* Products */ = {
			isa = PBXGroup;
			children = (
				C560C5A0A02425DCA487DA07 /* GHClient.app */,
				52C2D24FB40CD7F6E38A62FC /* GHClientTests.xctest */,
			);
			name = Products;
			sourceTree = "<group>";
		};
		93A8CADB062B7F08FFF4DBF8 /* Carthage */ = {
			isa = PBXGroup;
			children = (
				2BFF6D499D468B061C9EA014 /* iOS */,
			);
			name = Carthage;
			path = Carthage/Build;
			sourceTree = "<group>";
		};
		ABC99B8B94C7D6E464BDFA30 /* GHClient */ = {
			isa = PBXGroup;
			children = (
				0702BF1E23C5DA9E00DF69F7 /* App */,
				0702BF1D23C5DA7100DF69F7 /* Assets */,
				0702BF1C23C5DA6400DF69F7 /* Scenes */,
				0702BF1B23C5DA5B00DF69F7 /* Network */,
				B2EA02D109379238E038090C /* Info.plist */,
				A6FBAA462F3D121DBC4E87C1 /* SceneDelegate.swift */,
			);
			path = GHClient;
			sourceTree = "<group>";
		};
		E8693039F0A123BABE193D10 /* GHClientTests */ = {
			isa = PBXGroup;
			children = (
				983FCDC6DC3DB3889575A35A /* GHclientTests.swift */,
				42FFF2EE0AE107FAD56D9AB9 /* Info.plist */,
			);
			path = GHClientTests;
			sourceTree = "<group>";
		};
/* End PBXGroup section */

/* Begin PBXNativeTarget section */
		5C143102481551357D7C154F /* GHClient */ = {
			isa = PBXNativeTarget;
			buildConfigurationList = 21C2B4B9D3C6A12DE8388F72 /* Build configuration list for PBXNativeTarget "GHClient" */;
			buildPhases = (
				95EDCC73E9372AA2083D869E /* Sources */,
				4D94DE3BFBF6AE1F6FFC3B82 /* Resources */,
				44CC3D81773EB43D49430EED /* Carthage */,
				88BE540F19056809DAE5EEAA /* Frameworks */,
			);
			buildRules = (
			);
			dependencies = (
			);
			name = GHClient;
			productName = GHClient;
			productReference = C560C5A0A02425DCA487DA07 /* GHClient.app */;
			productType = "com.apple.product-type.application";
		};
		C3E24C339684567363583927 /* GHClientTests */ = {
			isa = PBXNativeTarget;
			buildConfigurationList = FF65E2EBF1FA32509B13A914 /* Build configuration list for PBXNativeTarget "GHClientTests" */;
			buildPhases = (
				A7F994AD43B63B346CD7B9A9 /* Sources */,
				3CA491B1B7EAD318676597A2 /* Embed Frameworks */,
			);
			buildRules = (
			);
			dependencies = (
				DECD100BE4B213B1006157AF /* PBXTargetDependency */,
			);
			name = GHClientTests;
			productName = GHClientTests;
			productReference = 52C2D24FB40CD7F6E38A62FC /* GHClientTests.xctest */;
			productType = "com.apple.product-type.bundle.unit-test";
		};
/* End PBXNativeTarget section */

/* Begin PBXProject section */
		A16E06917C69AD002A4D1F44 /* Project object */ = {
			isa = PBXProject;
			attributes = {
				LastUpgradeCheck = 1020;
				ORGANIZATIONNAME = ymgn;
				TargetAttributes = {
					5C143102481551357D7C154F = {
						SystemCapabilities = {
							com.apple.BackgroundModes = {
								enabled = 1;
							};
						};
					};
					C3E24C339684567363583927 = {
						TestTargetID = 5C143102481551357D7C154F;
					};
				};
			};
			buildConfigurationList = F9C614CB1B6B31E72FFB757A /* Build configuration list for PBXProject "GHClient" */;
			compatibilityVersion = "Xcode 10.0";
			developmentRegion = en;
			hasScannedForEncodings = 0;
			knownRegions = (
				en,
				Base,
			);
			mainGroup = 1851DB09A8CAB6F65B3C3BE1;
			projectDirPath = "";
			projectRoot = "";
			targets = (
				5C143102481551357D7C154F /* GHClient */,
				C3E24C339684567363583927 /* GHClientTests */,
			);
		};
/* End PBXProject section */

/* Begin PBXResourcesBuildPhase section */
		4D94DE3BFBF6AE1F6FFC3B82 /* Resources */ = {
			isa = PBXResourcesBuildPhase;
			buildActionMask = 2147483647;
			files = (
				07DA7C1023C6DEE8002C8320 /* Auth.storyboard in Resources */,
				7B09783811311B9AEA319E40 /* Assets.xcassets in Resources */,
				A20503AE125EFB446B60ED1B /* LaunchScreen.storyboard in Resources */,
				07DA7C1823C6DF20002C8320 /* RepoDetail.storyboard in Resources */,
				07DA7C0C23C6DEBB002C8320 /* User.storyboard in Resources */,
				07DA7C1423C6DF05002C8320 /* Search.storyboard in Resources */,
			);
			runOnlyForDeploymentPostprocessing = 0;
		};
/* End PBXResourcesBuildPhase section */

/* Begin PBXShellScriptBuildPhase section */
		44CC3D81773EB43D49430EED /* Carthage */ = {
			isa = PBXShellScriptBuildPhase;
			buildActionMask = 2147483647;
			files = (
			);
			inputPaths = (
				"$(SRCROOT)/Carthage/Build/iOS/APIKit.framework",
				"$(SRCROOT)/Carthage/Build/iOS/SVProgressHUD.framework",
			);
			name = Carthage;
			outputPaths = (
				"$(BUILT_PRODUCTS_DIR)/$(FRAMEWORKS_FOLDER_PATH)/APIKit.framework",
				"$(BUILT_PRODUCTS_DIR)/$(FRAMEWORKS_FOLDER_PATH)/SVProgressHUD.framework",
			);
			runOnlyForDeploymentPostprocessing = 0;
			shellPath = /bin/sh;
			shellScript = "carthage copy-frameworks\n";
		};
/* End PBXShellScriptBuildPhase section */

/* Begin PBXSourcesBuildPhase section */
		95EDCC73E9372AA2083D869E /* Sources */ = {
			isa = PBXSourcesBuildPhase;
			buildActionMask = 2147483647;
			files = (
				07DA7C1623C6DF12002C8320 /* SearchViewController.swift in Sources */,
				07DA7C1223C6DEF7002C8320 /* AuthViewController.swift in Sources */,
				A1459F568D5B32D5AA356AAB /* AppDelegate.swift in Sources */,
				07DA7C0E23C6DECA002C8320 /* UserViewController.swift in Sources */,
				AEBEAEA87D1419BD9375F339 /* SceneDelegate.swift in Sources */,
				07DA7C1A23C6DF31002C8320 /* RepoDetailViewController.swift in Sources */,
				07DA7C1C23C6DF9E002C8320 /* API.swift in Sources */,
			);
			runOnlyForDeploymentPostprocessing = 0;
		};
		A7F994AD43B63B346CD7B9A9 /* Sources */ = {
			isa = PBXSourcesBuildPhase;
			buildActionMask = 2147483647;
			files = (
				81A7262E7E4F0E904602437A /* GHclientTests.swift in Sources */,
			);
			runOnlyForDeploymentPostprocessing = 0;
		};
/* End PBXSourcesBuildPhase section */

/* Begin PBXTargetDependency section */
		DECD100BE4B213B1006157AF /* PBXTargetDependency */ = {
			isa = PBXTargetDependency;
			target = 5C143102481551357D7C154F /* GHClient */;
			targetProxy = 7587A1FD2D3284397F3D4ED7 /* PBXContainerItemProxy */;
		};
/* End PBXTargetDependency section */

/* Begin PBXVariantGroup section */
		0B84C794232EBBA313362D07 /* LaunchScreen.storyboard */ = {
			isa = PBXVariantGroup;
			children = (
				6607806B1F95097A78C51C3B /* Base */,
			);
			name = LaunchScreen.storyboard;
			sourceTree = "<group>";
		};
/* End PBXVariantGroup section */

/* Begin XCBuildConfiguration section */
		36D3730B7E7A39C76CBC4C39 /* Debug */ = {
			isa = XCBuildConfiguration;
			buildSettings = {
				ASSETCATALOG_COMPIER_APPICON_NAME = AppIcon;
				ASSETCATALOG_COMPILER_APPICON_NAME = AppIcon;
				CODE_SIGN_IDENTITY = "iPhone Developer";
				DEVELOPMENT_TEAM = 7F6B255837;
				FRAMEWORK_SEARCH_PATHS = (
					"$(inherited)",
					"$(PROJECT_DIR)/Carthage/Build/iOS",
				);
				GCC_OPTIMIZATION_LEVEL = O;
				INFOPLIST_FILE = GHClient/Info.plist;
				LD_RUNPATH_SEARCH_PATHS = (
					"$(inherited)",
					"@executable_path/Frameworks",
				);
				PRODUCT_BUNDLE_IDENTIFIER = ymgn.GHClient;
				SDKROOT = iphoneos;
				TARGETED_DEVICE_FAMILY = "1,2";
			};
			name = Debug;
		};
		705E5B11D10105C76ECE4598 /* Release */ = {
			isa = XCBuildConfiguration;
			buildSettings = {
				BUNDLE_LOADER = "$(TEST_HOST)";
				DEVELOPMENT_TEAM = 7F6B255837;
				FRAMEWORK_SEARCH_PATHS = (
					"$(inherited)",
					"$(PROJECT_DIR)/Carthage/Build/iOS",
				);
				INFOPLIST_FILE = GHclientTests/Info.plist;
				INFORPLSIT_FILE = GHClientTests/Info.plist;
				LD_RUNPATH_SEARCH_PATHS = (
					"$(inherited)",
					"@executable_path/Frameworks",
					"@loader_path/Frameworks",
				);
				SDKROOT = iphoneos;
				TARGETED_DEVICE_FAMILY = "1,2";
				TEST_HOST = "$(BUILT_PRODUCTS_DIR)/GHClient.app/GHClient";
				TEST_HOSTS = "$(BUILT_PRODUCTS_DIR)/GHClient.app/GHClient";
				TEST_TARGET_NAME = GHClient;
			};
			name = Release;
		};
		7C05486F0DB45342A9A30E57 /* Debug */ = {
			isa = XCBuildConfiguration;
			buildSettings = {
				ALWAYS_SEARCH_USER_PATHS = NO;
				CLANG_ANALYZER_NONNULL = YES;
				CLANG_ANALYZER_NUMBER_OBJECT_CONVERSION = YES_AGGRESSIVE;
				CLANG_CXX_LANGUAGE_STANDARD = "gnu++14";
				CLANG_CXX_LIBRARY = "libc++";
				CLANG_ENABLE_MODULES = YES;
				CLANG_ENABLE_OBJC_ARC = YES;
				CLANG_WARN_BLOCK_CAPTURE_AUTORELEASING = YES;
				CLANG_WARN_BOOL_CONVERSION = YES;
				CLANG_WARN_COMMA = YES;
				CLANG_WARN_CONSTANT_CONVERSION = YES;
				CLANG_WARN_DEPRECATED_OBJC_IMPLEMENTATIONS = YES;
				CLANG_WARN_DIRECT_OBJC_ISA_USAGE = YES_ERROR;
				CLANG_WARN_DOCUMENTATION_COMMENTS = YES;
				CLANG_WARN_EMPTY_BODY = YES;
				CLANG_WARN_ENUM_CONVERSION = YES;
				CLANG_WARN_INFINITE_RECURSION = YES;
				CLANG_WARN_INT_CONVERSION = YES;
				CLANG_WARN_NON_LITERAL_NULL_CONVERSION = YES;
				CLANG_WARN_OBJC_IMPLICIT_RETAIN_SELF = YES;
				CLANG_WARN_OBJC_LITERAL_CONVERSION = YES;
				CLANG_WARN_OBJC_ROOT_CLASS = YES_ERROR;
				CLANG_WARN_RANGE_LOOP_ANALYSIS = YES;
				CLANG_WARN_STRICT_PROTOTYPES = YES;
				CLANG_WARN_SUSPICIOUS_MOVE = YES;
				CLANG_WARN_UNGUARDED_AVAILABILITY = YES_AGGRESSIVE;
				CLANG_WARN_UNREACHABLE_CODE = YES;
				CLANG_WARN__DUPLICATE_METHOD_MATCH = YES;
				COPY_PHASE_STRIP = NO;
				DEBUG_INFORMATION_FORMAT = dwarf;
				ENABLE_STRICT_OBJC_MSGSEND = YES;
				ENABLE_TESTABILITY = YES;
				GCC_C_LANGUAGE_STANDARD = gnu11;
				GCC_DYNAMIC_NO_PIC = NO;
				GCC_NO_COMMON_BLOCKS = YES;
				GCC_OPTIMIZATION_LEVEL = 0;
				GCC_PREPROCESSOR_DEFINITIONS = (
					"$(inherited)",
					"DEBUG=1",
				);
				GCC_WARN_64_TO_32_BIT_CONVERSION = YES;
				GCC_WARN_ABOUT_RETURN_TYPE = YES_ERROR;
				GCC_WARN_UNDECLARED_SELECTOR = YES;
				GCC_WARN_UNINITIALIZED_AUTOS = YES_AGGRESSIVE;
				GCC_WARN_UNUSED_FUNCTION = YES;
				GCC_WARN_UNUSED_VARIABLE = YES;
				MTL_ENABLE_DEBUG_INFO = YES;
				ONLY_ACTIVE_ARCH = YES;
				PRODUCT_NAME = "$(TARGET_NAME)";
				SDKROOT = iphoneos;
				SWIFT_ACTIVE_COMPILATION_CONDITIONS = DEBUG;
				SWIFT_OPTIMIZATION_LEVEL = "-Onone";
				SWIFT_VERSION = 5.0;
			};
			name = Debug;
		};
		8C1C33B3DAEA72F8A223F666 /* Debug */ = {
			isa = XCBuildConfiguration;
			buildSettings = {
				BUNDLE_LOADER = "$(TEST_HOST)";
				DEVELOPMENT_TEAM = 7F6B255837;
				FRAMEWORK_SEARCH_PATHS = (
					"$(inherited)",
					"$(PROJECT_DIR)/Carthage/Build/iOS",
				);
				INFOPLIST_FILE = GHclientTests/Info.plist;
				INFORPLSIT_FILE = GHClientTests/Info.plist;
				LD_RUNPATH_SEARCH_PATHS = (
					"$(inherited)",
					"@executable_path/Frameworks",
					"@loader_path/Frameworks",
				);
				SDKROOT = iphoneos;
				TARGETED_DEVICE_FAMILY = "1,2";
				TEST_HOST = "$(BUILT_PRODUCTS_DIR)/GHClient.app/GHClient";
				TEST_HOSTS = "$(BUILT_PRODUCTS_DIR)/GHClient.app/GHClient";
				TEST_TARGET_NAME = GHClient;
			};
			name = Debug;
		};
		C50904C2D4758951547F4FA2 /* Release */ = {
			isa = XCBuildConfiguration;
			buildSettings = {
				ASSETCATALOG_COMPIER_APPICON_NAME = AppIcon;
				ASSETCATALOG_COMPILER_APPICON_NAME = AppIcon;
				CODE_SIGN_IDENTITY = "iPhone Developer";
				DEVELOPMENT_TEAM = 7F6B255837;
				FRAMEWORK_SEARCH_PATHS = (
					"$(inherited)",
					"$(PROJECT_DIR)/Carthage/Build/iOS",
				);
				GCC_OPTIMIZATION_LEVEL = s;
				INFOPLIST_FILE = GHClient/Info.plist;
				LD_RUNPATH_SEARCH_PATHS = (
					"$(inherited)",
					"@executable_path/Frameworks",
				);
				PRODUCT_BUNDLE_IDENTIFIER = ymgn.GHClient;
				SDKROOT = iphoneos;
				TARGETED_DEVICE_FAMILY = "1,2";
			};
			name = Release;
		};
		F8D37951866ACCF1A33D961F /* Release */ = {
			isa = XCBuildConfiguration;
			buildSettings = {
				ALWAYS_SEARCH_USER_PATHS = NO;
				CLANG_ANALYZER_NONNULL = YES;
				CLANG_ANALYZER_NUMBER_OBJECT_CONVERSION = YES_AGGRESSIVE;
				CLANG_CXX_LANGUAGE_STANDARD = "gnu++14";
				CLANG_CXX_LIBRARY = "libc++";
				CLANG_ENABLE_MODULES = YES;
				CLANG_ENABLE_OBJC_ARC = YES;
				CLANG_WARN_BLOCK_CAPTURE_AUTORELEASING = YES;
				CLANG_WARN_BOOL_CONVERSION = YES;
				CLANG_WARN_COMMA = YES;
				CLANG_WARN_CONSTANT_CONVERSION = YES;
				CLANG_WARN_DEPRECATED_OBJC_IMPLEMENTATIONS = YES;
				CLANG_WARN_DIRECT_OBJC_ISA_USAGE = YES_ERROR;
				CLANG_WARN_DOCUMENTATION_COMMENTS = YES;
				CLANG_WARN_EMPTY_BODY = YES;
				CLANG_WARN_ENUM_CONVERSION = YES;
				CLANG_WARN_INFINITE_RECURSION = YES;
				CLANG_WARN_INT_CONVERSION = YES;
				CLANG_WARN_NON_LITERAL_NULL_CONVERSION = YES;
				CLANG_WARN_OBJC_IMPLICIT_RETAIN_SELF = YES;
				CLANG_WARN_OBJC_LITERAL_CONVERSION = YES;
				CLANG_WARN_OBJC_ROOT_CLASS = YES_ERROR;
				CLANG_WARN_RANGE_LOOP_ANALYSIS = YES;
				CLANG_WARN_STRICT_PROTOTYPES = YES;
				CLANG_WARN_SUSPICIOUS_MOVE = YES;
				CLANG_WARN_UNGUARDED_AVAILABILITY = YES_AGGRESSIVE;
				CLANG_WARN_UNREACHABLE_CODE = YES;
				CLANG_WARN__DUPLICATE_METHOD_MATCH = YES;
				COPY_PHASE_STRIP = NO;
				DEBUG_INFORMATION_FORMAT = "dwarf-with-dsym";
				ENABLE_NS_ASSERTIONS = NO;
				ENABLE_STRICT_OBJC_MSGSEND = YES;
				GCC_C_LANGUAGE_STANDARD = gnu11;
				GCC_NO_COMMON_BLOCKS = YES;
				GCC_WARN_64_TO_32_BIT_CONVERSION = YES;
				GCC_WARN_ABOUT_RETURN_TYPE = YES_ERROR;
				GCC_WARN_UNDECLARED_SELECTOR = YES;
				GCC_WARN_UNINITIALIZED_AUTOS = YES_AGGRESSIVE;
				GCC_WARN_UNUSED_FUNCTION = YES;
				GCC_WARN_UNUSED_VARIABLE = YES;
				PRODUCT_NAME = "$(TARGET_NAME)";
				SDKROOT = iphoneos;
				SWIFT_COMPILATION_MODE = wholemodule;
				SWIFT_VERSION = 5.0;
				VALIDATE_PRODUCT = YES;
			};
			name = Release;
		};
/* End XCBuildConfiguration section */

/* Begin XCConfigurationList section */
		21C2B4B9D3C6A12DE8388F72 /* Build configuration list for PBXNativeTarget "GHClient" */ = {
			isa = XCConfigurationList;
			buildConfigurations = (
				36D3730B7E7A39C76CBC4C39 /* Debug */,
				C50904C2D4758951547F4FA2 /* Release */,
			);
			defaultConfigurationIsVisible = 0;
			defaultConfigurationName = "";
		};
		F9C614CB1B6B31E72FFB757A /* Build configuration list for PBXProject "GHClient" */ = {
			isa = XCConfigurationList;
			buildConfigurations = (
				7C05486F0DB45342A9A30E57 /* Debug */,
				F8D37951866ACCF1A33D961F /* Release */,
			);
			defaultConfigurationIsVisible = 0;
			defaultConfigurationName = Debug;
		};
		FF65E2EBF1FA32509B13A914 /* Build configuration list for PBXNativeTarget "GHClientTests" */ = {
			isa = XCConfigurationList;
			buildConfigurations = (
				8C1C33B3DAEA72F8A223F666 /* Debug */,
				705E5B11D10105C76ECE4598 /* Release */,
			);
			defaultConfigurationIsVisible = 0;
			defaultConfigurationName = "";
		};
/* End XCConfigurationList section */
	};
	rootObject = A16E06917C69AD002A4D1F44 /* Project object */;
}
